
Microsoft Visual Studio Solution File, Format Version 12.00
# Visual Studio Version 17
VisualStudioVersion = 17.10.35122.118
MinimumVisualStudioVersion = 10.0.40219.1
Project("{9A19103F-16F7-4668-BE54-9A1E7A4F7556}") = "ProjectHub.Api", "..\ProjectHub.Api.csproj", "{F341417C-C8DC-4F61-B977-72FF168BD4EB}"
EndProject
Global
	GlobalSection(SolutionConfigurationPlatforms) = preSolution
		Debug|Any CPU = Debug|Any CPU
		Release|Any CPU = Release|Any CPU
	EndGlobalSection
	GlobalSection(ProjectConfigurationPlatforms) = postSolution
		{F341417C-C8DC-4F61-B977-72FF168BD4EB}.Debug|Any CPU.ActiveCfg = Debug|Any CPU
		{F341417C-C8DC-4F61-B977-72FF168BD4EB}.Debug|Any CPU.Build.0 = Debug|Any CPU
		{F341417C-C8DC-4F61-B977-72FF168BD4EB}.Release|Any CPU.ActiveCfg = Release|Any CPU
		{F341417C-C8DC-4F61-B977-72FF168BD4EB}.Release|Any CPU.Build.0 = Release|Any CPU
	EndGlobalSection
	GlobalSection(SolutionProperties) = preSolution
		HideSolutionNode = FALSE
	EndGlobalSection
	GlobalSection(ExtensibilityGlobals) = postSolution
		SolutionGuid = {829003DE-72CD-4CFF-8B52-FEA09CA2A5CF}
	EndGlobalSection
EndGlobal
